// !$*UTF8*$!
{
	archiveVersion = 1;
	classes = {
	};
	objectVersion = 50;
	objects = {

/* Begin PBXBuildFile section */
		B28ECF3F250B03A000E61836 /* AppDelegate.swift in Sources */ = {isa = PBXBuildFile; fileRef = B28ECF3E250B03A000E61836 /* AppDelegate.swift */; };
		B28ECF41250B03A000E61836 /* SceneDelegate.swift in Sources */ = {isa = PBXBuildFile; fileRef = B28ECF40250B03A000E61836 /* SceneDelegate.swift */; };
		B28ECF46250B03A000E61836 /* Main.storyboard in Resources */ = {isa = PBXBuildFile; fileRef = B28ECF44250B03A000E61836 /* Main.storyboard */; };
		B28ECF48250B03A300E61836 /* Assets.xcassets in Resources */ = {isa = PBXBuildFile; fileRef = B28ECF47250B03A300E61836 /* Assets.xcassets */; };
		B28ECF4B250B03A300E61836 /* LaunchScreen.storyboard in Resources */ = {isa = PBXBuildFile; fileRef = B28ECF49250B03A300E61836 /* LaunchScreen.storyboard */; };
		B28ECF59250B08A500E61836 /* Quote.swift in Sources */ = {isa = PBXBuildFile; fileRef = B28ECF58250B08A500E61836 /* Quote.swift */; };
		B28ECF5B250B0B1100E61836 /* QuoteController.swift in Sources */ = {isa = PBXBuildFile; fileRef = B28ECF5A250B0B1100E61836 /* QuoteController.swift */; };
		B28ECF5D250B29C200E61836 /* QuotesListTableViewController.swift in Sources */ = {isa = PBXBuildFile; fileRef = B28ECF5C250B29C200E61836 /* QuotesListTableViewController.swift */; };
		B28ECF5F250B2B8B00E61836 /* QuoteDetailViewController.swift in Sources */ = {isa = PBXBuildFile; fileRef = B28ECF5E250B2B8B00E61836 /* QuoteDetailViewController.swift */; };
/* End PBXBuildFile section */

/* Begin PBXFileReference section */
		B28ECF3B250B03A000E61836 /* QuoteKeeper.app */ = {isa = PBXFileReference; explicitFileType = wrapper.application; includeInIndex = 0; path = QuoteKeeper.app; sourceTree = BUILT_PRODUCTS_DIR; };
		B28ECF3E250B03A000E61836 /* AppDelegate.swift */ = {isa = PBXFileReference; lastKnownFileType = sourcecode.swift; path = AppDelegate.swift; sourceTree = "<group>"; };
		B28ECF40250B03A000E61836 /* SceneDelegate.swift */ = {isa = PBXFileReference; lastKnownFileType = sourcecode.swift; path = SceneDelegate.swift; sourceTree = "<group>"; };
		B28ECF45250B03A000E61836 /* Base */ = {isa = PBXFileReference; lastKnownFileType = file.storyboard; name = Base; path = Base.lproj/Main.storyboard; sourceTree = "<group>"; };
		B28ECF47250B03A300E61836 /* Assets.xcassets */ = {isa = PBXFileReference; lastKnownFileType = folder.assetcatalog; path = Assets.xcassets; sourceTree = "<group>"; };
		B28ECF4A250B03A300E61836 /* Base */ = {isa = PBXFileReference; lastKnownFileType = file.storyboard; name = Base; path = Base.lproj/LaunchScreen.storyboard; sourceTree = "<group>"; };
		B28ECF4C250B03A300E61836 /* Info.plist */ = {isa = PBXFileReference; lastKnownFileType = text.plist.xml; path = Info.plist; sourceTree = "<group>"; };
		B28ECF58250B08A500E61836 /* Quote.swift */ = {isa = PBXFileReference; lastKnownFileType = sourcecode.swift; path = Quote.swift; sourceTree = "<group>"; };
		B28ECF5A250B0B1100E61836 /* QuoteController.swift */ = {isa = PBXFileReference; lastKnownFileType = sourcecode.swift; path = QuoteController.swift; sourceTree = "<group>"; };
		B28ECF5C250B29C200E61836 /* QuotesListTableViewController.swift */ = {isa = PBXFileReference; lastKnownFileType = sourcecode.swift; path = QuotesListTableViewController.swift; sourceTree = "<group>"; };
		B28ECF5E250B2B8B00E61836 /* QuoteDetailViewController.swift */ = {isa = PBXFileReference; lastKnownFileType = sourcecode.swift; path = QuoteDetailViewController.swift; sourceTree = "<group>"; };
/* End PBXFileReference section */

/* Begin PBXFrameworksBuildPhase section */
		B28ECF38250B03A000E61836 /* Frameworks */ = {
			isa = PBXFrameworksBuildPhase;
			buildActionMask = 2147483647;
			files = (
			);
			runOnlyForDeploymentPostprocessing = 0;
		};
/* End PBXFrameworksBuildPhase section */

/* Begin PBXGroup section */
		B28ECF32250B03A000E61836 = {
			isa = PBXGroup;
			children = (
				B28ECF3D250B03A000E61836 /* QuoteKeeper */,
				B28ECF3C250B03A000E61836 /* Products */,
			);
			sourceTree = "<group>";
		};
		B28ECF3C250B03A000E61836 /* Products */ = {
			isa = PBXGroup;
			children = (
				B28ECF3B250B03A000E61836 /* QuoteKeeper.app */,
			);
			name = Products;
			sourceTree = "<group>";
		};
		B28ECF3D250B03A000E61836 /* QuoteKeeper */ = {
			isa = PBXGroup;
			children = (
				B28ECF53250B07B300E61836 /* Model */,
				B28ECF56250B081000E61836 /* Controllers */,
				B28ECF57250B082E00E61836 /* Custom Views */,
				B28ECF52250B06BE00E61836 /* Resources */,
				B28ECF44250B03A000E61836 /* Main.storyboard */,
			);
			path = QuoteKeeper;
			sourceTree = "<group>";
		};
		B28ECF52250B06BE00E61836 /* Resources */ = {
			isa = PBXGroup;
			children = (
				B28ECF3E250B03A000E61836 /* AppDelegate.swift */,
				B28ECF40250B03A000E61836 /* SceneDelegate.swift */,
				B28ECF47250B03A300E61836 /* Assets.xcassets */,
				B28ECF49250B03A300E61836 /* LaunchScreen.storyboard */,
				B28ECF4C250B03A300E61836 /* Info.plist */,
			);
			path = Resources;
			sourceTree = "<group>";
		};
		B28ECF53250B07B300E61836 /* Model */ = {
			isa = PBXGroup;
			children = (
				B28ECF58250B08A500E61836 /* Quote.swift */,
			);
			path = Model;
			sourceTree = "<group>";
		};
		B28ECF54250B07CE00E61836 /* Model Controller */ = {
			isa = PBXGroup;
			children = (
				B28ECF5A250B0B1100E61836 /* QuoteController.swift */,
			);
			path = "Model Controller";
			sourceTree = "<group>";
		};
		B28ECF55250B07EA00E61836 /* View Controller */ = {
			isa = PBXGroup;
			children = (
				B28ECF5C250B29C200E61836 /* QuotesListTableViewController.swift */,
				B28ECF5E250B2B8B00E61836 /* QuoteDetailViewController.swift */,
			);
			path = "View Controller";
			sourceTree = "<group>";
		};
		B28ECF56250B081000E61836 /* Controllers */ = {
			isa = PBXGroup;
			children = (
				B28ECF54250B07CE00E61836 /* Model Controller */,
				B28ECF55250B07EA00E61836 /* View Controller */,
			);
			path = Controllers;
			sourceTree = "<group>";
		};
		B28ECF57250B082E00E61836 /* Custom Views */ = {
			isa = PBXGroup;
			children = (
			);
			path = "Custom Views";
			sourceTree = "<group>";
		};
/* End PBXGroup section */

/* Begin PBXNativeTarget section */
		B28ECF3A250B03A000E61836 /* QuoteKeeper */ = {
			isa = PBXNativeTarget;
			buildConfigurationList = B28ECF4F250B03A300E61836 /* Build configuration list for PBXNativeTarget "QuoteKeeper" */;
			buildPhases = (
				B28ECF37250B03A000E61836 /* Sources */,
				B28ECF38250B03A000E61836 /* Frameworks */,
				B28ECF39250B03A000E61836 /* Resources */,
			);
			buildRules = (
			);
			dependencies = (
			);
			name = QuoteKeeper;
			productName = QuoteKeeper;
			productReference = B28ECF3B250B03A000E61836 /* QuoteKeeper.app */;
			productType = "com.apple.product-type.application";
		};
/* End PBXNativeTarget section */

/* Begin PBXProject section */
		B28ECF33250B03A000E61836 /* Project object */ = {
			isa = PBXProject;
			attributes = {
				LastSwiftUpdateCheck = 1130;
				LastUpgradeCheck = 1130;
				ORGANIZATIONNAME = "Spark28 Apps";
				TargetAttributes = {
					B28ECF3A250B03A000E61836 = {
						CreatedOnToolsVersion = 11.3.1;
					};
				};
			};
			buildConfigurationList = B28ECF36250B03A000E61836 /* Build configuration list for PBXProject "QuoteKeeper" */;
			compatibilityVersion = "Xcode 9.3";
			developmentRegion = en;
			hasScannedForEncodings = 0;
			knownRegions = (
				en,
				Base,
			);
			mainGroup = B28ECF32250B03A000E61836;
			productRefGroup = B28ECF3C250B03A000E61836 /* Products */;
			projectDirPath = "";
			projectRoot = "";
			targets = (
				B28ECF3A250B03A000E61836 /* QuoteKeeper */,
			);
		};
/* End PBXProject section */

/* Begin PBXResourcesBuildPhase section */
		B28ECF39250B03A000E61836 /* Resources */ = {
			isa = PBXResourcesBuildPhase;
			buildActionMask = 2147483647;
			files = (
				B28ECF4B250B03A300E61836 /* LaunchScreen.storyboard in Resources */,
				B28ECF48250B03A300E61836 /* Assets.xcassets in Resources */,
				B28ECF46250B03A000E61836 /* Main.storyboard in Resources */,
			);
			runOnlyForDeploymentPostprocessing = 0;
		};
/* End PBXResourcesBuildPhase section */

/* Begin PBXSourcesBuildPhase section */
		B28ECF37250B03A000E61836 /* Sources */ = {
			isa = PBXSourcesBuildPhase;
			buildActionMask = 2147483647;
			files = (
				B28ECF5F250B2B8B00E61836 /* QuoteDetailViewController.swift in Sources */,
				B28ECF3F250B03A000E61836 /* AppDelegate.swift in Sources */,
				B28ECF59250B08A500E61836 /* Quote.swift in Sources */,
				B28ECF5B250B0B1100E61836 /* QuoteController.swift in Sources */,
				B28ECF41250B03A000E61836 /* SceneDelegate.swift in Sources */,
				B28ECF5D250B29C200E61836 /* QuotesListTableViewController.swift in Sources */,
			);
			runOnlyForDeploymentPostprocessing = 0;
		};
/* End PBXSourcesBuildPhase section */

/* Begin PBXVariantGroup section */
		B28ECF44250B03A000E61836 /* Main.storyboard */ = {
			isa = PBXVariantGroup;
			children = (
				B28ECF45250B03A000E61836 /* Base */,
			);
			name = Main.storyboard;
			sourceTree = "<group>";
		};
		B28ECF49250B03A300E61836 /* LaunchScreen.storyboard */ = {
			isa = PBXVariantGroup;
			children = (
				B28ECF4A250B03A300E61836 /* Base */,
			);
			name = LaunchScreen.storyboard;
			sourceTree = "<group>";
		};
/* End PBXVariantGroup section */

/* Begin XCBuildConfiguration section */
		B28ECF4D250B03A300E61836 /* Debug */ = {
			isa = XCBuildConfiguration;
			buildSettings = {
				ALWAYS_SEARCH_USER_PATHS = NO;
				CLANG_ANALYZER_NONNULL = YES;
				CLANG_ANALYZER_NUMBER_OBJECT_CONVERSION = YES_AGGRESSIVE;
				CLANG_CXX_LANGUAGE_STANDARD = "gnu++14";
				CLANG_CXX_LIBRARY = "libc++";
				CLANG_ENABLE_MODULES = YES;
				CLANG_ENABLE_OBJC_ARC = YES;
				CLANG_ENABLE_OBJC_WEAK = YES;
				CLANG_WARN_BLOCK_CAPTURE_AUTORELEASING = YES;
				CLANG_WARN_BOOL_CONVERSION = YES;
				CLANG_WARN_COMMA = YES;
				CLANG_WARN_CONSTANT_CONVERSION = YES;
				CLANG_WARN_DEPRECATED_OBJC_IMPLEMENTATIONS = YES;
				CLANG_WARN_DIRECT_OBJC_ISA_USAGE = YES_ERROR;
				CLANG_WARN_DOCUMENTATION_COMMENTS = YES;
				CLANG_WARN_EMPTY_BODY = YES;
				CLANG_WARN_ENUM_CONVERSION = YES;
				CLANG_WARN_INFINITE_RECURSION = YES;
				CLANG_WARN_INT_CONVERSION = YES;
				CLANG_WARN_NON_LITERAL_NULL_CONVERSION = YES;
				CLANG_WARN_OBJC_IMPLICIT_RETAIN_SELF = YES;
				CLANG_WARN_OBJC_LITERAL_CONVERSION = YES;
				CLANG_WARN_OBJC_ROOT_CLASS = YES_ERROR;
				CLANG_WARN_RANGE_LOOP_ANALYSIS = YES;
				CLANG_WARN_STRICT_PROTOTYPES = YES;
				CLANG_WARN_SUSPICIOUS_MOVE = YES;
				CLANG_WARN_UNGUARDED_AVAILABILITY = YES_AGGRESSIVE;
				CLANG_WARN_UNREACHABLE_CODE = YES;
				CLANG_WARN__DUPLICATE_METHOD_MATCH = YES;
				COPY_PHASE_STRIP = NO;
				DEBUG_INFORMATION_FORMAT = dwarf;
				ENABLE_STRICT_OBJC_MSGSEND = YES;
				ENABLE_TESTABILITY = YES;
				GCC_C_LANGUAGE_STANDARD = gnu11;
				GCC_DYNAMIC_NO_PIC = NO;
				GCC_NO_COMMON_BLOCKS = YES;
				GCC_OPTIMIZATION_LEVEL = 0;
				GCC_PREPROCESSOR_DEFINITIONS = (
					"DEBUG=1",
					"$(inherited)",
				);
				GCC_WARN_64_TO_32_BIT_CONVERSION = YES;
				GCC_WARN_ABOUT_RETURN_TYPE = YES_ERROR;
				GCC_WARN_UNDECLARED_SELECTOR = YES;
				GCC_WARN_UNINITIALIZED_AUTOS = YES_AGGRESSIVE;
				GCC_WARN_UNUSED_FUNCTION = YES;
				GCC_WARN_UNUSED_VARIABLE = YES;
				IPHONEOS_DEPLOYMENT_TARGET = 13.2;
				MTL_ENABLE_DEBUG_INFO = INCLUDE_SOURCE;
				MTL_FAST_MATH = YES;
				ONLY_ACTIVE_ARCH = YES;
				SDKROOT = iphoneos;
				SWIFT_ACTIVE_COMPILATION_CONDITIONS = DEBUG;
				SWIFT_OPTIMIZATION_LEVEL = "-Onone";
			};
			name = Debug;
		};
		B28ECF4E250B03A300E61836 /* Release */ = {
			isa = XCBuildConfiguration;
			buildSettings = {
				ALWAYS_SEARCH_USER_PATHS = NO;
				CLANG_ANALYZER_NONNULL = YES;
				CLANG_ANALYZER_NUMBER_OBJECT_CONVERSION = YES_AGGRESSIVE;
				CLANG_CXX_LANGUAGE_STANDARD = "gnu++14";
				CLANG_CXX_LIBRARY = "libc++";
				CLANG_ENABLE_MODULES = YES;
				CLANG_ENABLE_OBJC_ARC = YES;
				CLANG_ENABLE_OBJC_WEAK = YES;
				CLANG_WARN_BLOCK_CAPTURE_AUTORELEASING = YES;
				CLANG_WARN_BOOL_CONVERSION = YES;
				CLANG_WARN_COMMA = YES;
				CLANG_WARN_CONSTANT_CONVERSION = YES;
				CLANG_WARN_DEPRECATED_OBJC_IMPLEMENTATIONS = YES;
				CLANG_WARN_DIRECT_OBJC_ISA_USAGE = YES_ERROR;
				CLANG_WARN_DOCUMENTATION_COMMENTS = YES;
				CLANG_WARN_EMPTY_BODY = YES;
				CLANG_WARN_ENUM_CONVERSION = YES;
				CLANG_WARN_INFINITE_RECURSION = YES;
				CLANG_WARN_INT_CONVERSION = YES;
				CLANG_WARN_NON_LITERAL_NULL_CONVERSION = YES;
				CLANG_WARN_OBJC_IMPLICIT_RETAIN_SELF = YES;
				CLANG_WARN_OBJC_LITERAL_CONVERSION = YES;
				CLANG_WARN_OBJC_ROOT_CLASS = YES_ERROR;
				CLANG_WARN_RANGE_LOOP_ANALYSIS = YES;
				CLANG_WARN_STRICT_PROTOTYPES = YES;
				CLANG_WARN_SUSPICIOUS_MOVE = YES;
				CLANG_WARN_UNGUARDED_AVAILABILITY = YES_AGGRESSIVE;
				CLANG_WARN_UNREACHABLE_CODE = YES;
				CLANG_WARN__DUPLICATE_METHOD_MATCH = YES;
				COPY_PHASE_STRIP = NO;
				DEBUG_INFORMATION_FORMAT = "dwarf-with-dsym";
				ENABLE_NS_ASSERTIONS = NO;
				ENABLE_STRICT_OBJC_MSGSEND = YES;
				GCC_C_LANGUAGE_STANDARD = gnu11;
				GCC_NO_COMMON_BLOCKS = YES;
				GCC_WARN_64_TO_32_BIT_CONVERSION = YES;
				GCC_WARN_ABOUT_RETURN_TYPE = YES_ERROR;
				GCC_WARN_UNDECLARED_SELECTOR = YES;
				GCC_WARN_UNINITIALIZED_AUTOS = YES_AGGRESSIVE;
				GCC_WARN_UNUSED_FUNCTION = YES;
				GCC_WARN_UNUSED_VARIABLE = YES;
				IPHONEOS_DEPLOYMENT_TARGET = 13.2;
				MTL_ENABLE_DEBUG_INFO = NO;
				MTL_FAST_MATH = YES;
				SDKROOT = iphoneos;
				SWIFT_COMPILATION_MODE = wholemodule;
				SWIFT_OPTIMIZATION_LEVEL = "-O";
				VALIDATE_PRODUCT = YES;
			};
			name = Release;
		};
		B28ECF50250B03A300E61836 /* Debug */ = {
			isa = XCBuildConfiguration;
			buildSettings = {
				ASSETCATALOG_COMPILER_APPICON_NAME = AppIcon;
				CODE_SIGN_STYLE = Automatic;
				INFOPLIST_FILE = QuoteKeeper/Resources/Info.plist;
				LD_RUNPATH_SEARCH_PATHS = (
					"$(inherited)",
					"@executable_path/Frameworks",
				);
				PRODUCT_BUNDLE_IDENTIFIER = com.urmilcodes.QuoteKeeper;
				PRODUCT_NAME = "$(TARGET_NAME)";
				SWIFT_VERSION = 5.0;
				TARGETED_DEVICE_FAMILY = "1,2";
			};
			name = Debug;
		};
		B28ECF51250B03A300E61836 /* Release */ = {
			isa = XCBuildConfiguration;
			buildSettings = {
				ASSETCATALOG_COMPILER_APPICON_NAME = AppIcon;
				CODE_SIGN_STYLE = Automatic;
				INFOPLIST_FILE = QuoteKeeper/Resources/Info.plist;
				LD_RUNPATH_SEARCH_PATHS = (
					"$(inherited)",
					"@executable_path/Frameworks",
				);
				PRODUCT_BUNDLE_IDENTIFIER = com.urmilcodes.QuoteKeeper;
				PRODUCT_NAME = "$(TARGET_NAME)";
				SWIFT_VERSION = 5.0;
				TARGETED_DEVICE_FAMILY = "1,2";
			};
			name = Release;
		};
/* End XCBuildConfiguration section */

/* Begin XCConfigurationList section */
		B28ECF36250B03A000E61836 /* Build configuration list for PBXProject "QuoteKeeper" */ = {
			isa = XCConfigurationList;
			buildConfigurations = (
				B28ECF4D250B03A300E61836 /* Debug */,
				B28ECF4E250B03A300E61836 /* Release */,
			);
			defaultConfigurationIsVisible = 0;
			defaultConfigurationName = Release;
		};
		B28ECF4F250B03A300E61836 /* Build configuration list for PBXNativeTarget "QuoteKeeper" */ = {
			isa = XCConfigurationList;
			buildConfigurations = (
				B28ECF50250B03A300E61836 /* Debug */,
				B28ECF51250B03A300E61836 /* Release */,
			);
			defaultConfigurationIsVisible = 0;
			defaultConfigurationName = Release;
		};
/* End XCConfigurationList section */
	};
	rootObject = B28ECF33250B03A000E61836 /* Project object */;
}
